<?xml version="1.0" encoding="utf-8"?>
<Project ToolsVersion="4.0" xmlns="http://schemas.microsoft.com/developer/msbuild/2003">
  <ItemGroup>
    <Filter Include="Исходные файлы">
      <UniqueIdentifier>{4FC737F1-C7A5-4376-A066-2A32D752A2FF}</UniqueIdentifier>
      <Extensions>cpp;c;cc;cxx;c++;cppm;ixx;def;odl;idl;hpj;bat;asm;asmx</Extensions>
    </Filter>
    <Filter Include="Файлы заголовков">
      <UniqueIdentifier>{93995380-89BD-4b04-88EB-625FBE52EBFB}</UniqueIdentifier>
      <Extensions>h;hh;hpp;hxx;h++;hm;inl;inc;ipp;xsd</Extensions>
    </Filter>
    <Filter Include="Файлы ресурсов">
      <UniqueIdentifier>{67DA6AB6-F800-4c08-8B7A-83BB121AAD01}</UniqueIdentifier>
      <Extensions>rc;ico;cur;bmp;dlg;rc2;rct;bin;rgs;gif;jpg;jpeg;jpe;resx;tiff;tif;png;wav;mfcribbon-ms</Extensions>
    </Filter>
    <Filter Include="Файлы заголовков\DX12API">
      <UniqueIdentifier>{1df2c46b-3259-4dce-b8de-0382d44e00f1}</UniqueIdentifier>
    </Filter>
    <Filter Include="Файлы заголовков\Engine">
      <UniqueIdentifier>{aaff6bf1-6183-489f-a9e2-7b77aa5e9233}</UniqueIdentifier>
    </Filter>
    <Filter Include="Файлы заголовков\Windows">
      <UniqueIdentifier>{af8fb643-f530-47cb-ad33-e76fe5afbe3a}</UniqueIdentifier>
    </Filter>
    <Filter Include="Файлы заголовков\Game">
      <UniqueIdentifier>{0f95deb5-7fcd-42ff-a4f5-f65d9accd76b}</UniqueIdentifier>
    </Filter>
    <Filter Include="Исходные файлы\Windows">
      <UniqueIdentifier>{47fd3fcb-223f-4f30-8c58-4534b6fdb56d}</UniqueIdentifier>
    </Filter>
    <Filter Include="Исходные файлы\DX12API">
      <UniqueIdentifier>{d7a9b6bb-c520-47fc-a543-a13e11dd5fb6}</UniqueIdentifier>
    </Filter>
    <Filter Include="Исходные файлы\Engine">
      <UniqueIdentifier>{02a09dab-bbfb-42dd-ab46-62ecea096b0c}</UniqueIdentifier>
    </Filter>
    <Filter Include="Исходные файлы\Game">
      <UniqueIdentifier>{841ac6f8-469a-4ab6-aad4-049fa281f644}</UniqueIdentifier>
    </Filter>
  </ItemGroup>
  <ItemGroup>
    <ClCompile Include="Main.cpp">
      <Filter>Исходные файлы\Windows</Filter>
    </ClCompile>
    <ClCompile Include="uncompleted__Resource.cpp">
      <Filter>Исходные файлы\DX12API</Filter>
    </ClCompile>
    <ClCompile Include="Clock.cpp">
      <Filter>Исходные файлы\DX12API</Filter>
    </ClCompile>
    <ClCompile Include="ThreadSafeQueue.cpp">
      <Filter>Исходные файлы\DX12API</Filter>
    </ClCompile>
    <ClCompile Include="Buffer.cpp">
      <Filter>Исходные файлы\DX12API</Filter>
    </ClCompile>
    <ClCompile Include="ByteAddressBuffer.cpp">
      <Filter>Исходные файлы\DX12API</Filter>
    </ClCompile>
    <ClCompile Include="ConstantBuffer.cpp">
      <Filter>Исходные файлы\DX12API</Filter>
    </ClCompile>
    <ClCompile Include="DescriptorAllocation.cpp">
      <Filter>Исходные файлы\DX12API</Filter>
    </ClCompile>
    <ClCompile Include="DescriptorAllocator.cpp">
      <Filter>Исходные файлы\DX12API</Filter>
    </ClCompile>
  </ItemGroup>
  <ItemGroup>
    <ClInclude Include="Buffer.hpp">
      <Filter>Файлы заголовков\DX12API</Filter>
    </ClInclude>
    <ClInclude Include="ByteAddressBuffer.hpp">
      <Filter>Файлы заголовков\DX12API</Filter>
    </ClInclude>
    <ClInclude Include="Defines.h">
      <Filter>Файлы заголовков\DX12API</Filter>
    </ClInclude>
    <ClInclude Include="DescriptorAllocation.hpp">
      <Filter>Файлы заголовков\DX12API</Filter>
    </ClInclude>
    <ClInclude Include="DescriptorAllocator.hpp">
      <Filter>Файлы заголовков\DX12API</Filter>
    </ClInclude>
    <ClInclude Include="DescriptorAllocatorPage.hpp">
      <Filter>Файлы заголовков\DX12API</Filter>
    </ClInclude>
    <ClInclude Include="dxlibs.hpp">
      <Filter>Файлы заголовков\DX12API</Filter>
    </ClInclude>
    <ClInclude Include="helpers.hpp">
      <Filter>Файлы заголовков\DX12API</Filter>
    </ClInclude>
    <ClInclude Include="Clock.hpp">
      <Filter>Файлы заголовков\DX12API</Filter>
    </ClInclude>
    <ClInclude Include="RenderTarget.hpp">
      <Filter>Файлы заголовков\DX12API</Filter>
    </ClInclude>
    <ClInclude Include="Resource.hpp">
      <Filter>Файлы заголовков\DX12API</Filter>
    </ClInclude>
    <ClInclude Include="RootSignature.hpp">
      <Filter>Файлы заголовков\DX12API</Filter>
    </ClInclude>
    <ClInclude Include="StructuredBuffer.hpp">
      <Filter>Файлы заголовков\DX12API</Filter>
    </ClInclude>
    <ClInclude Include="Texture.hpp">
      <Filter>Файлы заголовков\DX12API</Filter>
    </ClInclude>
    <ClInclude Include="TextureUsage.hpp">
      <Filter>Файлы заголовков\DX12API</Filter>
    </ClInclude>
    <ClInclude Include="ThreadSafeQueue.hpp">
      <Filter>Файлы заголовков\DX12API</Filter>
    </ClInclude>
    <ClInclude Include="UploadBuffer.hpp">
      <Filter>Файлы заголовков\DX12API</Filter>
    </ClInclude>
    <ClInclude Include="VertexBuffer.hpp">
      <Filter>Файлы заголовков\DX12API</Filter>
    </ClInclude>
    <ClInclude Include="Application.hpp">
      <Filter>Файлы заголовков\Engine</Filter>
    </ClInclude>
    <ClInclude Include="Mesh.hpp">
      <Filter>Файлы заголовков\DX12API</Filter>
    </ClInclude>
    <ClInclude Include="CommandList.hpp">
      <Filter>Файлы заголовков\DX12API</Filter>
    </ClInclude>
    <ClInclude Include="ConstantBuffer.hpp">
      <Filter>Файлы заголовков\DX12API</Filter>
    </ClInclude>
    <ClInclude Include="IndexBuffer.hpp">
      <Filter>Файлы заголовков\DX12API</Filter>
    </ClInclude>
    <ClInclude Include="PanoToCubemapPSO.hpp">
      <Filter>Файлы заголовков\DX12API</Filter>
    </ClInclude>
    <ClInclude Include="GenerateMipsPSO.hpp">
      <Filter>Файлы заголовков\DX12API</Filter>
    </ClInclude>
    <ClInclude Include="DynamicDescriptorHeap.hpp">
      <Filter>Файлы заголовков\DX12API</Filter>
    </ClInclude>
    <ClInclude Include="Event.hpp">
      <Filter>Файлы заголовков\Engine</Filter>
    </ClInclude>
    <ClInclude Include="Keyboard.hpp">
      <Filter>Файлы заголовков\Engine</Filter>
    </ClInclude>
    <ClInclude Include="Window.hpp">
      <Filter>Файлы заголовков\Engine</Filter>
    </ClInclude>
    <ClInclude Include="ResourceStateTracker.hpp">
      <Filter>Файлы заголовков\DX12API</Filter>
    </ClInclude>
    <ClInclude Include="resource.h">
      <Filter>Файлы заголовков\Windows</Filter>
    </ClInclude>
    <ClInclude Include="Game.hpp">
      <Filter>Файлы заголовков\Engine</Filter>
    </ClInclude>
  </ItemGroup>
  <ItemGroup>
    <ResourceCompile Include="Application.rc">
      <Filter>Файлы ресурсов</Filter>
    </ResourceCompile>
  </ItemGroup>
  <ItemGroup>
    <Image Include="icon1.ico">
      <Filter>Файлы ресурсов</Filter>
    </Image>
  </ItemGroup>
  <ItemGroup>
    <None Include="packages.config" />
  </ItemGroup>
</Project>